// !$*UTF8*$!
{
	archiveVersion = 1;
	classes = {
	};
	objectVersion = 51;
	objects = {

/* Begin PBXBuildFile section */
		668F264CFEEBA46D6D17C8AB /* libPods-DroneClient.a in Frameworks */ = {isa = PBXBuildFile; fileRef = 1397D6D4FE61BD0B1B9A06B5 /* libPods-DroneClient.a */; };
		DA1732DD2623F8E8001FC12C /* ImageUtils.m in Sources */ = {isa = PBXBuildFile; fileRef = DA1732DC2623F8E8001FC12C /* ImageUtils.m */; };
		DA1732E62623FE35001FC12C /* Image.cpp in Sources */ = {isa = PBXBuildFile; fileRef = DA1732E52623FE35001FC12C /* Image.cpp */; };
		DA1CD04D25E73D9600DF3D45 /* ConfigViewController.m in Sources */ = {isa = PBXBuildFile; fileRef = DA1CD04825E73D9500DF3D45 /* ConfigViewController.m */; };
		DA4B102B25FF077500C986CD /* Constants.m in Sources */ = {isa = PBXBuildFile; fileRef = DA4B102A25FF077500C986CD /* Constants.m */; };
		DA627B76261515350016323F /* DJIUtils.m in Sources */ = {isa = PBXBuildFile; fileRef = DA627B75261515350016323F /* DJIUtils.m */; };
		DA627B82261545DF0016323F /* DroneComms.cpp in Sources */ = {isa = PBXBuildFile; fileRef = DA627B81261545DF0016323F /* DroneComms.cpp */; };
		DA7363B925E73C3700057830 /* AppDelegate.m in Sources */ = {isa = PBXBuildFile; fileRef = DA7363B825E73C3700057830 /* AppDelegate.m */; };
		DA7363BC25E73C3700057830 /* SceneDelegate.m in Sources */ = {isa = PBXBuildFile; fileRef = DA7363BB25E73C3700057830 /* SceneDelegate.m */; };
		DA7363C225E73C3700057830 /* Main.storyboard in Resources */ = {isa = PBXBuildFile; fileRef = DA7363C025E73C3700057830 /* Main.storyboard */; };
		DA7363C425E73C3A00057830 /* Assets.xcassets in Resources */ = {isa = PBXBuildFile; fileRef = DA7363C325E73C3A00057830 /* Assets.xcassets */; };
		DA7363C725E73C3A00057830 /* LaunchScreen.storyboard in Resources */ = {isa = PBXBuildFile; fileRef = DA7363C525E73C3A00057830 /* LaunchScreen.storyboard */; };
		DA7363CA25E73C3A00057830 /* main.m in Sources */ = {isa = PBXBuildFile; fileRef = DA7363C925E73C3A00057830 /* main.m */; };
		DA77B7EB25E7491600F2AC99 /* ConnectionController.mm in Sources */ = {isa = PBXBuildFile; fileRef = DA77B7EA25E7491600F2AC99 /* ConnectionController.mm */; };
		DAEED9F5261D8D3900469295 /* VideoPreviewerSDKAdapter.m in Sources */ = {isa = PBXBuildFile; fileRef = DAEED9F4261D8D3900469295 /* VideoPreviewerSDKAdapter.m */; };
		DAEED9F9261D8DB200469295 /* DJIDecodeImageCalibrateControlLogic.m in Sources */ = {isa = PBXBuildFile; fileRef = DAEED9F8261D8DB200469295 /* DJIDecodeImageCalibrateControlLogic.m */; };
/* End PBXBuildFile section */

/* Begin PBXFileReference section */
		1397D6D4FE61BD0B1B9A06B5 /* libPods-DroneClient.a */ = {isa = PBXFileReference; explicitFileType = archive.ar; includeInIndex = 0; path = "libPods-DroneClient.a"; sourceTree = BUILT_PRODUCTS_DIR; };
		431D366987ECAD7A75FE2059 /* Pods-DroneClient.release.xcconfig */ = {isa = PBXFileReference; includeInIndex = 1; lastKnownFileType = text.xcconfig; name = "Pods-DroneClient.release.xcconfig"; path = "Target Support Files/Pods-DroneClient/Pods-DroneClient.release.xcconfig"; sourceTree = "<group>"; };
		721395ADF1AB4876BF61DD4A /* Pods-DroneClient.debug.xcconfig */ = {isa = PBXFileReference; includeInIndex = 1; lastKnownFileType = text.xcconfig; name = "Pods-DroneClient.debug.xcconfig"; path = "Target Support Files/Pods-DroneClient/Pods-DroneClient.debug.xcconfig"; sourceTree = "<group>"; };
		DA1732DB2623F8D3001FC12C /* ImageUtils.h */ = {isa = PBXFileReference; lastKnownFileType = sourcecode.c.h; path = ImageUtils.h; sourceTree = "<group>"; };
		DA1732DC2623F8E8001FC12C /* ImageUtils.m */ = {isa = PBXFileReference; lastKnownFileType = sourcecode.c.objc; path = ImageUtils.m; sourceTree = "<group>"; };
		DA1732E52623FE35001FC12C /* Image.cpp */ = {isa = PBXFileReference; lastKnownFileType = sourcecode.cpp.cpp; path = Image.cpp; sourceTree = "<group>"; };
		DA1732E82623FE41001FC12C /* Image.hpp */ = {isa = PBXFileReference; lastKnownFileType = sourcecode.cpp.h; path = Image.hpp; sourceTree = "<group>"; };
		DA1CD04825E73D9500DF3D45 /* ConfigViewController.m */ = {isa = PBXFileReference; fileEncoding = 4; lastKnownFileType = sourcecode.c.objc; path = ConfigViewController.m; sourceTree = "<group>"; };
		DA1CD04925E73D9500DF3D45 /* ConfigViewController.h */ = {isa = PBXFileReference; fileEncoding = 4; lastKnownFileType = sourcecode.c.h; path = ConfigViewController.h; sourceTree = "<group>"; };
		DA4B102925FF073400C986CD /* Constants.h */ = {isa = PBXFileReference; lastKnownFileType = sourcecode.c.h; path = Constants.h; sourceTree = "<group>"; };
		DA4B102A25FF077500C986CD /* Constants.m */ = {isa = PBXFileReference; lastKnownFileType = sourcecode.c.objc; path = Constants.m; sourceTree = "<group>"; };
		DA627B75261515350016323F /* DJIUtils.m */ = {isa = PBXFileReference; lastKnownFileType = sourcecode.c.objc; path = DJIUtils.m; sourceTree = "<group>"; };
		DA627B78261515530016323F /* DJIUtils.h */ = {isa = PBXFileReference; lastKnownFileType = sourcecode.c.h; path = DJIUtils.h; sourceTree = "<group>"; };
		DA627B80261545DF0016323F /* DroneComms.hpp */ = {isa = PBXFileReference; fileEncoding = 4; lastKnownFileType = sourcecode.cpp.h; path = DroneComms.hpp; sourceTree = "<group>"; };
		DA627B81261545DF0016323F /* DroneComms.cpp */ = {isa = PBXFileReference; fileEncoding = 4; lastKnownFileType = sourcecode.cpp.cpp; path = DroneComms.cpp; sourceTree = "<group>"; };
		DA627B84261546C50016323F /* Drone.hpp */ = {isa = PBXFileReference; fileEncoding = 4; lastKnownFileType = sourcecode.cpp.h; path = Drone.hpp; sourceTree = "<group>"; };
		DA7363B425E73C3700057830 /* DroneClient.app */ = {isa = PBXFileReference; explicitFileType = wrapper.application; includeInIndex = 0; path = DroneClient.app; sourceTree = BUILT_PRODUCTS_DIR; };
		DA7363B725E73C3700057830 /* AppDelegate.h */ = {isa = PBXFileReference; lastKnownFileType = sourcecode.c.h; path = AppDelegate.h; sourceTree = "<group>"; };
		DA7363B825E73C3700057830 /* AppDelegate.m */ = {isa = PBXFileReference; lastKnownFileType = sourcecode.c.objc; path = AppDelegate.m; sourceTree = "<group>"; };
		DA7363BA25E73C3700057830 /* SceneDelegate.h */ = {isa = PBXFileReference; lastKnownFileType = sourcecode.c.h; path = SceneDelegate.h; sourceTree = "<group>"; };
		DA7363BB25E73C3700057830 /* SceneDelegate.m */ = {isa = PBXFileReference; lastKnownFileType = sourcecode.c.objc; path = SceneDelegate.m; sourceTree = "<group>"; };
		DA7363C125E73C3700057830 /* Base */ = {isa = PBXFileReference; lastKnownFileType = file.storyboard; name = Base; path = Base.lproj/Main.storyboard; sourceTree = "<group>"; };
		DA7363C325E73C3A00057830 /* Assets.xcassets */ = {isa = PBXFileReference; lastKnownFileType = folder.assetcatalog; path = Assets.xcassets; sourceTree = "<group>"; };
		DA7363C625E73C3A00057830 /* Base */ = {isa = PBXFileReference; lastKnownFileType = file.storyboard; name = Base; path = Base.lproj/LaunchScreen.storyboard; sourceTree = "<group>"; };
		DA7363C825E73C3A00057830 /* Info.plist */ = {isa = PBXFileReference; lastKnownFileType = text.plist.xml; path = Info.plist; sourceTree = "<group>"; };
		DA7363C925E73C3A00057830 /* main.m */ = {isa = PBXFileReference; lastKnownFileType = sourcecode.c.objc; path = main.m; sourceTree = "<group>"; };
		DA77B7E925E7491600F2AC99 /* ConnectionController.h */ = {isa = PBXFileReference; lastKnownFileType = sourcecode.c.h; path = ConnectionController.h; sourceTree = "<group>"; };
		DA77B7EA25E7491600F2AC99 /* ConnectionController.mm */ = {isa = PBXFileReference; lastKnownFileType = sourcecode.cpp.objcpp; path = ConnectionController.mm; sourceTree = "<group>"; };
		DAEED9F3261D8CC700469295 /* VideoPreviewerSDKAdapter.h */ = {isa = PBXFileReference; lastKnownFileType = sourcecode.c.h; path = VideoPreviewerSDKAdapter.h; sourceTree = "<group>"; };
		DAEED9F4261D8D3900469295 /* VideoPreviewerSDKAdapter.m */ = {isa = PBXFileReference; lastKnownFileType = sourcecode.c.objc; path = VideoPreviewerSDKAdapter.m; sourceTree = "<group>"; };
		DAEED9F7261D8D8800469295 /* DJIDecodeImageCalibrateControlLogic.h */ = {isa = PBXFileReference; lastKnownFileType = sourcecode.c.h; path = DJIDecodeImageCalibrateControlLogic.h; sourceTree = "<group>"; };
		DAEED9F8261D8DB200469295 /* DJIDecodeImageCalibrateControlLogic.m */ = {isa = PBXFileReference; lastKnownFileType = sourcecode.c.objc; path = DJIDecodeImageCalibrateControlLogic.m; sourceTree = "<group>"; };
/* End PBXFileReference section */

/* Begin PBXFrameworksBuildPhase section */
		DA7363B125E73C3700057830 /* Frameworks */ = {
			isa = PBXFrameworksBuildPhase;
			buildActionMask = 2147483647;
			files = (
				668F264CFEEBA46D6D17C8AB /* libPods-DroneClient.a in Frameworks */,
			);
			runOnlyForDeploymentPostprocessing = 0;
		};
/* End PBXFrameworksBuildPhase section */

/* Begin PBXGroup section */
		8E8EDAC9B6551FB5CACE3F59 /* Pods */ = {
			isa = PBXGroup;
			children = (
				721395ADF1AB4876BF61DD4A /* Pods-DroneClient.debug.xcconfig */,
				431D366987ECAD7A75FE2059 /* Pods-DroneClient.release.xcconfig */,
			);
			path = Pods;
			sourceTree = "<group>";
		};
		DA7363AB25E73C3700057830 = {
			isa = PBXGroup;
			children = (
				DA7363B625E73C3700057830 /* DroneClient */,
				DA7363B525E73C3700057830 /* Products */,
				8E8EDAC9B6551FB5CACE3F59 /* Pods */,
				F8A02E3BD4B5A085F2524D1A /* Frameworks */,
			);
			sourceTree = "<group>";
		};
		DA7363B525E73C3700057830 /* Products */ = {
			isa = PBXGroup;
			children = (
				DA7363B425E73C3700057830 /* DroneClient.app */,
			);
			name = Products;
			sourceTree = "<group>";
		};
		DA7363B625E73C3700057830 /* DroneClient */ = {
			isa = PBXGroup;
			children = (
				DA627B81261545DF0016323F /* DroneComms.cpp */,
				DA627B80261545DF0016323F /* DroneComms.hpp */,
				DA1CD04925E73D9500DF3D45 /* ConfigViewController.h */,
				DA1CD04825E73D9500DF3D45 /* ConfigViewController.m */,
				DA627B84261546C50016323F /* Drone.hpp */,
				DA4B102925FF073400C986CD /* Constants.h */,
				DA4B102A25FF077500C986CD /* Constants.m */,
				DA7363B725E73C3700057830 /* AppDelegate.h */,
				DA7363B825E73C3700057830 /* AppDelegate.m */,
				DA7363BA25E73C3700057830 /* SceneDelegate.h */,
				DA7363BB25E73C3700057830 /* SceneDelegate.m */,
				DA1732DB2623F8D3001FC12C /* ImageUtils.h */,
				DA1732DC2623F8E8001FC12C /* ImageUtils.m */,
				DA1732E52623FE35001FC12C /* Image.cpp */,
				DA1732E82623FE41001FC12C /* Image.hpp */,
				DA77B7E925E7491600F2AC99 /* ConnectionController.h */,
				DA77B7EA25E7491600F2AC99 /* ConnectionController.mm */,
				DAEED9F3261D8CC700469295 /* VideoPreviewerSDKAdapter.h */,
				DAEED9F4261D8D3900469295 /* VideoPreviewerSDKAdapter.m */,
				DAEED9F7261D8D8800469295 /* DJIDecodeImageCalibrateControlLogic.h */,
				DAEED9F8261D8DB200469295 /* DJIDecodeImageCalibrateControlLogic.m */,
				DA627B75261515350016323F /* DJIUtils.m */,
				DA627B78261515530016323F /* DJIUtils.h */,
				DA7363C025E73C3700057830 /* Main.storyboard */,
				DA7363C325E73C3A00057830 /* Assets.xcassets */,
				DA7363C525E73C3A00057830 /* LaunchScreen.storyboard */,
				DA7363C825E73C3A00057830 /* Info.plist */,
				DA7363C925E73C3A00057830 /* main.m */,
			);
			path = DroneClient;
			sourceTree = "<group>";
		};
		F8A02E3BD4B5A085F2524D1A /* Frameworks */ = {
			isa = PBXGroup;
			children = (
				1397D6D4FE61BD0B1B9A06B5 /* libPods-DroneClient.a */,
			);
			name = Frameworks;
			sourceTree = "<group>";
		};
/* End PBXGroup section */

/* Begin PBXNativeTarget section */
		DA7363B325E73C3700057830 /* DroneClient */ = {
			isa = PBXNativeTarget;
			buildConfigurationList = DA7363CD25E73C3A00057830 /* Build configuration list for PBXNativeTarget "DroneClient" */;
			buildPhases = (
				717B9A60DE395879A8586B5B /* [CP] Check Pods Manifest.lock */,
				DA7363B025E73C3700057830 /* Sources */,
				DA7363B125E73C3700057830 /* Frameworks */,
				DA7363B225E73C3700057830 /* Resources */,
				9BFC029CFCCE777E431748CC /* [CP] Embed Pods Frameworks */,
			);
			buildRules = (
			);
			dependencies = (
			);
			name = DroneClient;
			productName = DroneClient;
			productReference = DA7363B425E73C3700057830 /* DroneClient.app */;
			productType = "com.apple.product-type.application";
		};
/* End PBXNativeTarget section */

/* Begin PBXProject section */
		DA7363AC25E73C3700057830 /* Project object */ = {
			isa = PBXProject;
			attributes = {
				LastUpgradeCheck = 1230;
				TargetAttributes = {
					DA7363B325E73C3700057830 = {
						CreatedOnToolsVersion = 12.3;
					};
				};
			};
			buildConfigurationList = DA7363AF25E73C3700057830 /* Build configuration list for PBXProject "DroneClient" */;
			compatibilityVersion = "Xcode 9.3";
			developmentRegion = en;
			hasScannedForEncodings = 0;
			knownRegions = (
				en,
				Base,
			);
			mainGroup = DA7363AB25E73C3700057830;
			productRefGroup = DA7363B525E73C3700057830 /* Products */;
			projectDirPath = "";
			projectRoot = "";
			targets = (
				DA7363B325E73C3700057830 /* DroneClient */,
			);
		};
/* End PBXProject section */

/* Begin PBXResourcesBuildPhase section */
		DA7363B225E73C3700057830 /* Resources */ = {
			isa = PBXResourcesBuildPhase;
			buildActionMask = 2147483647;
			files = (
				DA7363C725E73C3A00057830 /* LaunchScreen.storyboard in Resources */,
				DA7363C425E73C3A00057830 /* Assets.xcassets in Resources */,
				DA7363C225E73C3700057830 /* Main.storyboard in Resources */,
			);
			runOnlyForDeploymentPostprocessing = 0;
		};
/* End PBXResourcesBuildPhase section */

/* Begin PBXShellScriptBuildPhase section */
		717B9A60DE395879A8586B5B /* [CP] Check Pods Manifest.lock */ = {
			isa = PBXShellScriptBuildPhase;
			buildActionMask = 2147483647;
			files = (
			);
			inputFileListPaths = (
			);
			inputPaths = (
				"${PODS_PODFILE_DIR_PATH}/Podfile.lock",
				"${PODS_ROOT}/Manifest.lock",
			);
			name = "[CP] Check Pods Manifest.lock";
			outputFileListPaths = (
			);
			outputPaths = (
				"$(DERIVED_FILE_DIR)/Pods-DroneClient-checkManifestLockResult.txt",
			);
			runOnlyForDeploymentPostprocessing = 0;
			shellPath = /bin/sh;
			shellScript = "diff \"${PODS_PODFILE_DIR_PATH}/Podfile.lock\" \"${PODS_ROOT}/Manifest.lock\" > /dev/null\nif [ $? != 0 ] ; then\n    # print error to STDERR\n    echo \"error: The sandbox is not in sync with the Podfile.lock. Run 'pod install' or update your CocoaPods installation.\" >&2\n    exit 1\nfi\n# This output is used by Xcode 'outputs' to avoid re-running this script phase.\necho \"SUCCESS\" > \"${SCRIPT_OUTPUT_FILE_0}\"\n";
			showEnvVarsInLog = 0;
		};
		9BFC029CFCCE777E431748CC /* [CP] Embed Pods Frameworks */ = {
			isa = PBXShellScriptBuildPhase;
			buildActionMask = 2147483647;
			files = (
			);
			inputFileListPaths = (
				"${PODS_ROOT}/Target Support Files/Pods-DroneClient/Pods-DroneClient-frameworks-${CONFIGURATION}-input-files.xcfilelist",
			);
			name = "[CP] Embed Pods Frameworks";
			outputFileListPaths = (
				"${PODS_ROOT}/Target Support Files/Pods-DroneClient/Pods-DroneClient-frameworks-${CONFIGURATION}-output-files.xcfilelist",
			);
			runOnlyForDeploymentPostprocessing = 0;
			shellPath = /bin/sh;
			shellScript = "\"${PODS_ROOT}/Target Support Files/Pods-DroneClient/Pods-DroneClient-frameworks.sh\"\n";
			showEnvVarsInLog = 0;
		};
/* End PBXShellScriptBuildPhase section */

/* Begin PBXSourcesBuildPhase section */
		DA7363B025E73C3700057830 /* Sources */ = {
			isa = PBXSourcesBuildPhase;
			buildActionMask = 2147483647;
			files = (
				DAEED9F5261D8D3900469295 /* VideoPreviewerSDKAdapter.m in Sources */,
				DA1CD04D25E73D9600DF3D45 /* ConfigViewController.m in Sources */,
				DA7363B925E73C3700057830 /* AppDelegate.m in Sources */,
				DA1732DD2623F8E8001FC12C /* ImageUtils.m in Sources */,
				DA7363CA25E73C3A00057830 /* main.m in Sources */,
				DA7363BC25E73C3700057830 /* SceneDelegate.m in Sources */,
				DA1732E62623FE35001FC12C /* Image.cpp in Sources */,
				DAEED9F9261D8DB200469295 /* DJIDecodeImageCalibrateControlLogic.m in Sources */,
				DA627B82261545DF0016323F /* DroneComms.cpp in Sources */,
				DA627B76261515350016323F /* DJIUtils.m in Sources */,
				DA4B102B25FF077500C986CD /* Constants.m in Sources */,
				DA77B7EB25E7491600F2AC99 /* ConnectionController.mm in Sources */,
			);
			runOnlyForDeploymentPostprocessing = 0;
		};
/* End PBXSourcesBuildPhase section */

/* Begin PBXVariantGroup section */
		DA7363C025E73C3700057830 /* Main.storyboard */ = {
			isa = PBXVariantGroup;
			children = (
				DA7363C125E73C3700057830 /* Base */,
			);
			name = Main.storyboard;
			sourceTree = "<group>";
		};
		DA7363C525E73C3A00057830 /* LaunchScreen.storyboard */ = {
			isa = PBXVariantGroup;
			children = (
				DA7363C625E73C3A00057830 /* Base */,
			);
			name = LaunchScreen.storyboard;
			sourceTree = "<group>";
		};
/* End PBXVariantGroup section */

/* Begin XCBuildConfiguration section */
		DA7363CB25E73C3A00057830 /* Debug */ = {
			isa = XCBuildConfiguration;
			buildSettings = {
				ALWAYS_SEARCH_USER_PATHS = NO;
				CLANG_ANALYZER_NONNULL = YES;
				CLANG_ANALYZER_NUMBER_OBJECT_CONVERSION = YES_AGGRESSIVE;
				CLANG_CXX_LANGUAGE_STANDARD = "gnu++14";
				CLANG_CXX_LIBRARY = "libc++";
				CLANG_ENABLE_MODULES = YES;
				CLANG_ENABLE_OBJC_ARC = YES;
				CLANG_ENABLE_OBJC_WEAK = YES;
				CLANG_WARN_BLOCK_CAPTURE_AUTORELEASING = YES;
				CLANG_WARN_BOOL_CONVERSION = YES;
				CLANG_WARN_COMMA = YES;
				CLANG_WARN_CONSTANT_CONVERSION = YES;
				CLANG_WARN_DEPRECATED_OBJC_IMPLEMENTATIONS = YES;
				CLANG_WARN_DIRECT_OBJC_ISA_USAGE = YES_ERROR;
				CLANG_WARN_DOCUMENTATION_COMMENTS = YES;
				CLANG_WARN_EMPTY_BODY = YES;
				CLANG_WARN_ENUM_CONVERSION = YES;
				CLANG_WARN_INFINITE_RECURSION = YES;
				CLANG_WARN_INT_CONVERSION = YES;
				CLANG_WARN_NON_LITERAL_NULL_CONVERSION = YES;
				CLANG_WARN_OBJC_IMPLICIT_RETAIN_SELF = YES;
				CLANG_WARN_OBJC_LITERAL_CONVERSION = YES;
				CLANG_WARN_OBJC_ROOT_CLASS = YES_ERROR;
				CLANG_WARN_QUOTED_INCLUDE_IN_FRAMEWORK_HEADER = YES;
				CLANG_WARN_RANGE_LOOP_ANALYSIS = YES;
				CLANG_WARN_STRICT_PROTOTYPES = YES;
				CLANG_WARN_SUSPICIOUS_MOVE = YES;
				CLANG_WARN_UNGUARDED_AVAILABILITY = YES_AGGRESSIVE;
				CLANG_WARN_UNREACHABLE_CODE = YES;
				CLANG_WARN__DUPLICATE_METHOD_MATCH = YES;
				COPY_PHASE_STRIP = NO;
				DEBUG_INFORMATION_FORMAT = dwarf;
				ENABLE_STRICT_OBJC_MSGSEND = YES;
				ENABLE_TESTABILITY = YES;
				GCC_C_LANGUAGE_STANDARD = gnu11;
				GCC_DYNAMIC_NO_PIC = NO;
				GCC_NO_COMMON_BLOCKS = YES;
				GCC_OPTIMIZATION_LEVEL = 0;
				GCC_PREPROCESSOR_DEFINITIONS = (
					"DEBUG=1",
					"$(inherited)",
				);
				GCC_WARN_64_TO_32_BIT_CONVERSION = YES;
				GCC_WARN_ABOUT_RETURN_TYPE = YES_ERROR;
				GCC_WARN_UNDECLARED_SELECTOR = YES;
				GCC_WARN_UNINITIALIZED_AUTOS = YES_AGGRESSIVE;
				GCC_WARN_UNUSED_FUNCTION = YES;
				GCC_WARN_UNUSED_VARIABLE = YES;
				IPHONEOS_DEPLOYMENT_TARGET = 14.3;
				MTL_ENABLE_DEBUG_INFO = INCLUDE_SOURCE;
				MTL_FAST_MATH = YES;
				ONLY_ACTIVE_ARCH = YES;
				SDKROOT = iphoneos;
			};
			name = Debug;
		};
		DA7363CC25E73C3A00057830 /* Release */ = {
			isa = XCBuildConfiguration;
			buildSettings = {
				ALWAYS_SEARCH_USER_PATHS = NO;
				CLANG_ANALYZER_NONNULL = YES;
				CLANG_ANALYZER_NUMBER_OBJECT_CONVERSION = YES_AGGRESSIVE;
				CLANG_CXX_LANGUAGE_STANDARD = "gnu++14";
				CLANG_CXX_LIBRARY = "libc++";
				CLANG_ENABLE_MODULES = YES;
				CLANG_ENABLE_OBJC_ARC = YES;
				CLANG_ENABLE_OBJC_WEAK = YES;
				CLANG_WARN_BLOCK_CAPTURE_AUTORELEASING = YES;
				CLANG_WARN_BOOL_CONVERSION = YES;
				CLANG_WARN_COMMA = YES;
				CLANG_WARN_CONSTANT_CONVERSION = YES;
				CLANG_WARN_DEPRECATED_OBJC_IMPLEMENTATIONS = YES;
				CLANG_WARN_DIRECT_OBJC_ISA_USAGE = YES_ERROR;
				CLANG_WARN_DOCUMENTATION_COMMENTS = YES;
				CLANG_WARN_EMPTY_BODY = YES;
				CLANG_WARN_ENUM_CONVERSION = YES;
				CLANG_WARN_INFINITE_RECURSION = YES;
				CLANG_WARN_INT_CONVERSION = YES;
				CLANG_WARN_NON_LITERAL_NULL_CONVERSION = YES;
				CLANG_WARN_OBJC_IMPLICIT_RETAIN_SELF = YES;
				CLANG_WARN_OBJC_LITERAL_CONVERSION = YES;
				CLANG_WARN_OBJC_ROOT_CLASS = YES_ERROR;
				CLANG_WARN_QUOTED_INCLUDE_IN_FRAMEWORK_HEADER = YES;
				CLANG_WARN_RANGE_LOOP_ANALYSIS = YES;
				CLANG_WARN_STRICT_PROTOTYPES = YES;
				CLANG_WARN_SUSPICIOUS_MOVE = YES;
				CLANG_WARN_UNGUARDED_AVAILABILITY = YES_AGGRESSIVE;
				CLANG_WARN_UNREACHABLE_CODE = YES;
				CLANG_WARN__DUPLICATE_METHOD_MATCH = YES;
				COPY_PHASE_STRIP = NO;
				DEBUG_INFORMATION_FORMAT = "dwarf-with-dsym";
				ENABLE_NS_ASSERTIONS = NO;
				ENABLE_STRICT_OBJC_MSGSEND = YES;
				GCC_C_LANGUAGE_STANDARD = gnu11;
				GCC_NO_COMMON_BLOCKS = YES;
				GCC_WARN_64_TO_32_BIT_CONVERSION = YES;
				GCC_WARN_ABOUT_RETURN_TYPE = YES_ERROR;
				GCC_WARN_UNDECLARED_SELECTOR = YES;
				GCC_WARN_UNINITIALIZED_AUTOS = YES_AGGRESSIVE;
				GCC_WARN_UNUSED_FUNCTION = YES;
				GCC_WARN_UNUSED_VARIABLE = YES;
				IPHONEOS_DEPLOYMENT_TARGET = 14.3;
				MTL_ENABLE_DEBUG_INFO = NO;
				MTL_FAST_MATH = YES;
				SDKROOT = iphoneos;
				VALIDATE_PRODUCT = YES;
			};
			name = Release;
		};
		DA7363CE25E73C3A00057830 /* Debug */ = {
			isa = XCBuildConfiguration;
			baseConfigurationReference = 721395ADF1AB4876BF61DD4A /* Pods-DroneClient.debug.xcconfig */;
			buildSettings = {
				ASSETCATALOG_COMPILER_APPICON_NAME = AppIcon;
				ASSETCATALOG_COMPILER_GLOBAL_ACCENT_COLOR_NAME = AccentColor;
				CODE_SIGN_STYLE = Automatic;
				DEVELOPMENT_TEAM = PYF2F3FXQD;
				GCC_INPUT_FILETYPE = automatic;
				INFOPLIST_FILE = DroneClient/Info.plist;
				LD_RUNPATH_SEARCH_PATHS = (
					"$(inherited)",
					"@executable_path/Frameworks",
				);
				PRODUCT_BUNDLE_IDENTIFIER = NIFA.DroneClient;
				PRODUCT_NAME = "$(TARGET_NAME)";
				TARGETED_DEVICE_FAMILY = "1,2";
			};
			name = Debug;
		};
		DA7363CF25E73C3A00057830 /* Release */ = {
			isa = XCBuildConfiguration;
			baseConfigurationReference = 431D366987ECAD7A75FE2059 /* Pods-DroneClient.release.xcconfig */;
			buildSettings = {
				ASSETCATALOG_COMPILER_APPICON_NAME = AppIcon;
				ASSETCATALOG_COMPILER_GLOBAL_ACCENT_COLOR_NAME = AccentColor;
				CODE_SIGN_STYLE = Automatic;
				DEVELOPMENT_TEAM = PYF2F3FXQD;
				GCC_INPUT_FILETYPE = automatic;
				INFOPLIST_FILE = DroneClient/Info.plist;
				LD_RUNPATH_SEARCH_PATHS = (
					"$(inherited)",
					"@executable_path/Frameworks",
				);
				PRODUCT_BUNDLE_IDENTIFIER = NIFA.DroneClient;
				PRODUCT_NAME = "$(TARGET_NAME)";
				TARGETED_DEVICE_FAMILY = "1,2";
			};
			name = Release;
		};
/* End XCBuildConfiguration section */

/* Begin XCConfigurationList section */
		DA7363AF25E73C3700057830 /* Build configuration list for PBXProject "DroneClient" */ = {
			isa = XCConfigurationList;
			buildConfigurations = (
				DA7363CB25E73C3A00057830 /* Debug */,
				DA7363CC25E73C3A00057830 /* Release */,
			);
			defaultConfigurationIsVisible = 0;
			defaultConfigurationName = Release;
		};
		DA7363CD25E73C3A00057830 /* Build configuration list for PBXNativeTarget "DroneClient" */ = {
			isa = XCConfigurationList;
			buildConfigurations = (
				DA7363CE25E73C3A00057830 /* Debug */,
				DA7363CF25E73C3A00057830 /* Release */,
			);
			defaultConfigurationIsVisible = 0;
			defaultConfigurationName = Release;
		};
/* End XCConfigurationList section */
	};
	rootObject = DA7363AC25E73C3700057830 /* Project object */;
}
